
Microsoft Visual Studio Solution File, Format Version 12.00
# Visual Studio Version 17
VisualStudioVersion = 17.4.33122.133
MinimumVisualStudioVersion = 10.0.40219.1
Project("{9A19103F-16F7-4668-BE54-9A1E7A4F7556}") = "MockStaticSample.API", "MockStaticSample.API\MockStaticSample.API.csproj", "{1403FE38-FF3C-48AA-945A-CE08A4CB7AFD}"
EndProject
Project("{2150E333-8FDC-42A3-9474-1A3956D46DE8}") = "test", "test", "{209AFCCF-1FD3-419E-9435-B5D4883A6433}"
EndProject
Project("{9A19103F-16F7-4668-BE54-9A1E7A4F7556}") = "MockStaticSample.UnitTest", "test\MockStaticSample.UnitTest\MockStaticSample.UnitTest.csproj", "{2C41FD6D-62B8-475F-A94C-B553323DBEE5}"
EndProject
Global
	GlobalSection(SolutionConfigurationPlatforms) = preSolution
		Debug|Any CPU = Debug|Any CPU
		Release|Any CPU = Release|Any CPU
	EndGlobalSection
	GlobalSection(ProjectConfigurationPlatforms) = postSolution
		{1403FE38-FF3C-48AA-945A-CE08A4CB7AFD}.Debug|Any CPU.ActiveCfg = Debug|Any CPU
		{1403FE38-FF3C-48AA-945A-CE08A4CB7AFD}.Debug|Any CPU.Build.0 = Debug|Any CPU
		{1403FE38-FF3C-48AA-945A-CE08A4CB7AFD}.Release|Any CPU.ActiveCfg = Release|Any CPU
		{1403FE38-FF3C-48AA-945A-CE08A4CB7AFD}.Release|Any CPU.Build.0 = Release|Any CPU
		{2C41FD6D-62B8-475F-A94C-B553323DBEE5}.Debug|Any CPU.ActiveCfg = Debug|Any CPU
		{2C41FD6D-62B8-475F-A94C-B553323DBEE5}.Debug|Any CPU.Build.0 = Debug|Any CPU
		{2C41FD6D-62B8-475F-A94C-B553323DBEE5}.Release|Any CPU.ActiveCfg = Release|Any CPU
		{2C41FD6D-62B8-475F-A94C-B553323DBEE5}.Release|Any CPU.Build.0 = Release|Any CPU
	EndGlobalSection
	GlobalSection(SolutionProperties) = preSolution
		HideSolutionNode = FALSE
	EndGlobalSection
	GlobalSection(NestedProjects) = preSolution
		{2C41FD6D-62B8-475F-A94C-B553323DBEE5} = {209AFCCF-1FD3-419E-9435-B5D4883A6433}
	EndGlobalSection
	GlobalSection(ExtensibilityGlobals) = postSolution
		SolutionGuid = {C0261448-950D-41E2-8DD2-88A092FD1B6D}
	EndGlobalSection
EndGlobal
